DEPENDENCIES
  freebsd_bash
    path: test/fixtures/cookbooks/freebsd_bash
  homebrew
  java
    path: .
    metadata: true
  test_java
    path: test/fixtures/cookbooks/test_java
  windows
  yum

GRAPH
  apt (6.1.0)
  freebsd_bash (0.1.0)
  homebrew (4.0.0)
  java (1.49.0)
    apt (>= 0.0.0)
    homebrew (>= 0.0.0)
    windows (>= 0.0.0)
  ohai (5.0.3)
  test_java (0.1.0)
    java (>= 0.0.0)
  windows (3.0.5)
    ohai (>= 4.0.0)
  yum (5.0.1)
